
Microsoft Visual Studio Solution File, Format Version 12.00
# Visual Studio Version 16
VisualStudioVersion = 16.0.31829.152
MinimumVisualStudioVersion = 10.0.40219.1
Project("{8BC9CEB8-8B4A-11D0-8D11-00A0C91BC942}") = "ConsoleApplication1", "ConsoleApplication1.vcxproj", "{C4B5944F-4BD1-4845-B4E5-A4A80DE68085}"
EndProject
Global
	GlobalSection(SolutionConfigurationPlatforms) = preSolution
		Debug|x64 = Debug|x64
		Debug|x86 = Debug|x86
		Release|x64 = Release|x64
		Release|x86 = Release|x86
	EndGlobalSection
	GlobalSection(ProjectConfigurationPlatforms) = postSolution
		{C4B5944F-4BD1-4845-B4E5-A4A80DE68085}.Debug|x64.ActiveCfg = Debug|x64
		{C4B5944F-4BD1-4845-B4E5-A4A80DE68085}.Debug|x64.Build.0 = Debug|x64
		{C4B5944F-4BD1-4845-B4E5-A4A80DE68085}.Debug|x86.ActiveCfg = Debug|Win32
		{C4B5944F-4BD1-4845-B4E5-A4A80DE68085}.Debug|x86.Build.0 = Debug|Win32
		{C4B5944F-4BD1-4845-B4E5-A4A80DE68085}.Release|x64.ActiveCfg = Release|x64
		{C4B5944F-4BD1-4845-B4E5-A4A80DE68085}.Release|x64.Build.0 = Release|x64
		{C4B5944F-4BD1-4845-B4E5-A4A80DE68085}.Release|x86.ActiveCfg = Release|Win32
		{C4B5944F-4BD1-4845-B4E5-A4A80DE68085}.Release|x86.Build.0 = Release|Win32
	EndGlobalSection
	GlobalSection(SolutionProperties) = preSolution
		HideSolutionNode = FALSE
	EndGlobalSection
	GlobalSection(ExtensibilityGlobals) = postSolution
		SolutionGuid = {86B3609D-6CD8-4E81-9A78-BCD1F4141AFC}
	EndGlobalSection
EndGlobal
